
Microsoft Visual Studio Solution File, Format Version 12.00
# Visual Studio Version 17
VisualStudioVersion = 17.4.33205.214
MinimumVisualStudioVersion = 10.0.40219.1
Project("{9A19103F-16F7-4668-BE54-9A1E7A4F7556}") = "1.ExtensionMethods", "1. Extensions\ExtensionMethods\1.ExtensionMethods.csproj", "{A9DCA9CC-D226-4B42-8061-239FD82D4438}"
EndProject
Project("{9A19103F-16F7-4668-BE54-9A1E7A4F7556}") = "1.Query", "2. LINQ_Examples\Query\1.Query.csproj", "{3F971160-0B47-47FD-AD39-96131DD69F45}"
EndProject
Project("{2150E333-8FDC-42A3-9474-1A3956D46DE8}") = "2. LINQ_Examples", "2. LINQ_Examples", "{316DC8FE-219E-4626-B671-E96C9904BC1B}"
EndProject
Project("{9A19103F-16F7-4668-BE54-9A1E7A4F7556}") = "2.Extensions", "2. LINQ_Examples\Extensions\2.Extensions.csproj", "{EAD860C6-87A2-4E9B-8AB8-1E26229F23C7}"
EndProject
Project("{9A19103F-16F7-4668-BE54-9A1E7A4F7556}") = "3.DeferredVSImmediate", "2. LINQ_Examples\DeferredVSImmediate\3.DeferredVSImmediate.csproj", "{D8663B99-90D7-4704-A941-6505E621789D}"
EndProject
Project("{2150E333-8FDC-42A3-9474-1A3956D46DE8}") = "1. Extensions", "1. Extensions", "{F5E5BD53-54A2-46DD-B9AE-8C980B86B236}"
EndProject
Project("{9A19103F-16F7-4668-BE54-9A1E7A4F7556}") = "4.CustomAverageExtension", "1. Extensions\CustomAverageExtension\4.CustomAverageExtension.csproj", "{380C8BED-F5AB-44F1-939F-4E209FCF2DCB}"
EndProject
Project("{2150E333-8FDC-42A3-9474-1A3956D46DE8}") = "3. DataStructures", "3. DataStructures", "{75000E9A-C9F1-4C73-BDF1-7AFAB319EAB4}"
EndProject
Project("{9A19103F-16F7-4668-BE54-9A1E7A4F7556}") = "2.StackExample", "3. DataStructures\StackExample\2.StackExample.csproj", "{A09F8FB2-B0F2-4C4A-9D32-FCDB80280072}"
EndProject
Project("{9A19103F-16F7-4668-BE54-9A1E7A4F7556}") = "1.QueueExample", "3. DataStructures\QueueExample\1.QueueExample.csproj", "{21B782FE-9994-458D-BEC6-BA93F2F570D7}"
EndProject
Project("{9A19103F-16F7-4668-BE54-9A1E7A4F7556}") = "4.DictionaryExample", "3. DataStructures\DictionaryExample\4.DictionaryExample.csproj", "{2A014FCE-CB7A-43F7-B434-F7F571E743CB}"
EndProject
Project("{9A19103F-16F7-4668-BE54-9A1E7A4F7556}") = "CustomLinkedList", "CustomLinkedList\CustomLinkedList.csproj", "{80A01713-03E5-409F-96C2-77F66E7D058D}"
EndProject
Project("{2150E333-8FDC-42A3-9474-1A3956D46DE8}") = "Practice", "Practice", "{9D553EEB-5267-419C-A7B4-7B6E4A6C2E25}"
EndProject
Project("{2150E333-8FDC-42A3-9474-1A3956D46DE8}") = "Lecture", "Lecture", "{4D2E0BBA-9B0C-4331-AF82-A6411252BA76}"
EndProject
Project("{9A19103F-16F7-4668-BE54-9A1E7A4F7556}") = "1.Interfaces", "Interfaces\1.Interfaces.csproj", "{3C4F81DC-9902-4619-AEC3-4E0E97EEFD58}"
EndProject
Project("{9A19103F-16F7-4668-BE54-9A1E7A4F7556}") = "2.AbstractClasses", "AbstractClasses\2.AbstractClasses.csproj", "{5B58D686-74B5-45E6-984C-F9957BCDD633}"
EndProject
Project("{9A19103F-16F7-4668-BE54-9A1E7A4F7556}") = "3.Generics", "Generics\3.Generics.csproj", "{C4FE4BB7-A7B5-4586-BF94-EBCE0B5CA1B4}"
EndProject
Project("{9A19103F-16F7-4668-BE54-9A1E7A4F7556}") = "4.Collections", "Collections\4.Collections.csproj", "{79E48273-4791-40BF-8A67-1BE2FE7DC434}"
EndProject
Project("{9A19103F-16F7-4668-BE54-9A1E7A4F7556}") = "5.Indexers", "Indexers\5.Indexers.csproj", "{DE280441-95A3-4661-8D28-1E853ECE4F93}"
EndProject
Project("{9A19103F-16F7-4668-BE54-9A1E7A4F7556}") = "3. Stack And Recursion Example", "2.1 Stack And Recursion Example\3. Stack And Recursion Example.csproj", "{57444DE7-8BD7-4D3B-89A7-A6599E9F20D3}"
EndProject
Project("{FAE04EC0-301F-11D3-BF4B-00C04F79EFBC}") = "3.1. Stack And Recursion Benchmark", "3.1. Stack And Recursion Benchmark\3.1. Stack And Recursion Benchmark.csproj", "{1DD69AF0-DEBD-4E1E-812D-A0F3DAEEC9B9}"
EndProject
Global
	GlobalSection(SolutionConfigurationPlatforms) = preSolution
		Debug|Any CPU = Debug|Any CPU
		Release|Any CPU = Release|Any CPU
	EndGlobalSection
	GlobalSection(ProjectConfigurationPlatforms) = postSolution
		{A9DCA9CC-D226-4B42-8061-239FD82D4438}.Debug|Any CPU.ActiveCfg = Debug|Any CPU
		{A9DCA9CC-D226-4B42-8061-239FD82D4438}.Debug|Any CPU.Build.0 = Debug|Any CPU
		{A9DCA9CC-D226-4B42-8061-239FD82D4438}.Release|Any CPU.ActiveCfg = Release|Any CPU
		{A9DCA9CC-D226-4B42-8061-239FD82D4438}.Release|Any CPU.Build.0 = Release|Any CPU
		{3F971160-0B47-47FD-AD39-96131DD69F45}.Debug|Any CPU.ActiveCfg = Debug|Any CPU
		{3F971160-0B47-47FD-AD39-96131DD69F45}.Debug|Any CPU.Build.0 = Debug|Any CPU
		{3F971160-0B47-47FD-AD39-96131DD69F45}.Release|Any CPU.ActiveCfg = Release|Any CPU
		{3F971160-0B47-47FD-AD39-96131DD69F45}.Release|Any CPU.Build.0 = Release|Any CPU
		{EAD860C6-87A2-4E9B-8AB8-1E26229F23C7}.Debug|Any CPU.ActiveCfg = Debug|Any CPU
		{EAD860C6-87A2-4E9B-8AB8-1E26229F23C7}.Debug|Any CPU.Build.0 = Debug|Any CPU
		{EAD860C6-87A2-4E9B-8AB8-1E26229F23C7}.Release|Any CPU.ActiveCfg = Release|Any CPU
		{EAD860C6-87A2-4E9B-8AB8-1E26229F23C7}.Release|Any CPU.Build.0 = Release|Any CPU
		{D8663B99-90D7-4704-A941-6505E621789D}.Debug|Any CPU.ActiveCfg = Debug|Any CPU
		{D8663B99-90D7-4704-A941-6505E621789D}.Debug|Any CPU.Build.0 = Debug|Any CPU
		{D8663B99-90D7-4704-A941-6505E621789D}.Release|Any CPU.ActiveCfg = Release|Any CPU
		{D8663B99-90D7-4704-A941-6505E621789D}.Release|Any CPU.Build.0 = Release|Any CPU
		{380C8BED-F5AB-44F1-939F-4E209FCF2DCB}.Debug|Any CPU.ActiveCfg = Debug|Any CPU
		{380C8BED-F5AB-44F1-939F-4E209FCF2DCB}.Debug|Any CPU.Build.0 = Debug|Any CPU
		{380C8BED-F5AB-44F1-939F-4E209FCF2DCB}.Release|Any CPU.ActiveCfg = Release|Any CPU
		{380C8BED-F5AB-44F1-939F-4E209FCF2DCB}.Release|Any CPU.Build.0 = Release|Any CPU
		{A09F8FB2-B0F2-4C4A-9D32-FCDB80280072}.Debug|Any CPU.ActiveCfg = Debug|Any CPU
		{A09F8FB2-B0F2-4C4A-9D32-FCDB80280072}.Debug|Any CPU.Build.0 = Debug|Any CPU
		{A09F8FB2-B0F2-4C4A-9D32-FCDB80280072}.Release|Any CPU.ActiveCfg = Release|Any CPU
		{A09F8FB2-B0F2-4C4A-9D32-FCDB80280072}.Release|Any CPU.Build.0 = Release|Any CPU
		{21B782FE-9994-458D-BEC6-BA93F2F570D7}.Debug|Any CPU.ActiveCfg = Debug|Any CPU
		{21B782FE-9994-458D-BEC6-BA93F2F570D7}.Debug|Any CPU.Build.0 = Debug|Any CPU
		{21B782FE-9994-458D-BEC6-BA93F2F570D7}.Release|Any CPU.ActiveCfg = Release|Any CPU
		{21B782FE-9994-458D-BEC6-BA93F2F570D7}.Release|Any CPU.Build.0 = Release|Any CPU
		{2A014FCE-CB7A-43F7-B434-F7F571E743CB}.Debug|Any CPU.ActiveCfg = Debug|Any CPU
		{2A014FCE-CB7A-43F7-B434-F7F571E743CB}.Debug|Any CPU.Build.0 = Debug|Any CPU
		{2A014FCE-CB7A-43F7-B434-F7F571E743CB}.Release|Any CPU.ActiveCfg = Release|Any CPU
		{2A014FCE-CB7A-43F7-B434-F7F571E743CB}.Release|Any CPU.Build.0 = Release|Any CPU
		{80A01713-03E5-409F-96C2-77F66E7D058D}.Debug|Any CPU.ActiveCfg = Debug|Any CPU
		{80A01713-03E5-409F-96C2-77F66E7D058D}.Debug|Any CPU.Build.0 = Debug|Any CPU
		{80A01713-03E5-409F-96C2-77F66E7D058D}.Release|Any CPU.ActiveCfg = Release|Any CPU
		{80A01713-03E5-409F-96C2-77F66E7D058D}.Release|Any CPU.Build.0 = Release|Any CPU
		{3C4F81DC-9902-4619-AEC3-4E0E97EEFD58}.Debug|Any CPU.ActiveCfg = Debug|Any CPU
		{3C4F81DC-9902-4619-AEC3-4E0E97EEFD58}.Debug|Any CPU.Build.0 = Debug|Any CPU
		{3C4F81DC-9902-4619-AEC3-4E0E97EEFD58}.Release|Any CPU.ActiveCfg = Release|Any CPU
		{3C4F81DC-9902-4619-AEC3-4E0E97EEFD58}.Release|Any CPU.Build.0 = Release|Any CPU
		{5B58D686-74B5-45E6-984C-F9957BCDD633}.Debug|Any CPU.ActiveCfg = Debug|Any CPU
		{5B58D686-74B5-45E6-984C-F9957BCDD633}.Debug|Any CPU.Build.0 = Debug|Any CPU
		{5B58D686-74B5-45E6-984C-F9957BCDD633}.Release|Any CPU.ActiveCfg = Release|Any CPU
		{5B58D686-74B5-45E6-984C-F9957BCDD633}.Release|Any CPU.Build.0 = Release|Any CPU
		{C4FE4BB7-A7B5-4586-BF94-EBCE0B5CA1B4}.Debug|Any CPU.ActiveCfg = Debug|Any CPU
		{C4FE4BB7-A7B5-4586-BF94-EBCE0B5CA1B4}.Debug|Any CPU.Build.0 = Debug|Any CPU
		{C4FE4BB7-A7B5-4586-BF94-EBCE0B5CA1B4}.Release|Any CPU.ActiveCfg = Release|Any CPU
		{C4FE4BB7-A7B5-4586-BF94-EBCE0B5CA1B4}.Release|Any CPU.Build.0 = Release|Any CPU
		{79E48273-4791-40BF-8A67-1BE2FE7DC434}.Debug|Any CPU.ActiveCfg = Debug|Any CPU
		{79E48273-4791-40BF-8A67-1BE2FE7DC434}.Debug|Any CPU.Build.0 = Debug|Any CPU
		{79E48273-4791-40BF-8A67-1BE2FE7DC434}.Release|Any CPU.ActiveCfg = Release|Any CPU
		{79E48273-4791-40BF-8A67-1BE2FE7DC434}.Release|Any CPU.Build.0 = Release|Any CPU
		{DE280441-95A3-4661-8D28-1E853ECE4F93}.Debug|Any CPU.ActiveCfg = Debug|Any CPU
		{DE280441-95A3-4661-8D28-1E853ECE4F93}.Debug|Any CPU.Build.0 = Debug|Any CPU
		{DE280441-95A3-4661-8D28-1E853ECE4F93}.Release|Any CPU.ActiveCfg = Release|Any CPU
		{DE280441-95A3-4661-8D28-1E853ECE4F93}.Release|Any CPU.Build.0 = Release|Any CPU
		{57444DE7-8BD7-4D3B-89A7-A6599E9F20D3}.Debug|Any CPU.ActiveCfg = Debug|Any CPU
		{57444DE7-8BD7-4D3B-89A7-A6599E9F20D3}.Debug|Any CPU.Build.0 = Debug|Any CPU
		{57444DE7-8BD7-4D3B-89A7-A6599E9F20D3}.Release|Any CPU.ActiveCfg = Release|Any CPU
		{57444DE7-8BD7-4D3B-89A7-A6599E9F20D3}.Release|Any CPU.Build.0 = Release|Any CPU
		{1DD69AF0-DEBD-4E1E-812D-A0F3DAEEC9B9}.Debug|Any CPU.ActiveCfg = Debug|Any CPU
		{1DD69AF0-DEBD-4E1E-812D-A0F3DAEEC9B9}.Debug|Any CPU.Build.0 = Debug|Any CPU
		{1DD69AF0-DEBD-4E1E-812D-A0F3DAEEC9B9}.Release|Any CPU.ActiveCfg = Release|Any CPU
		{1DD69AF0-DEBD-4E1E-812D-A0F3DAEEC9B9}.Release|Any CPU.Build.0 = Release|Any CPU
	EndGlobalSection
	GlobalSection(SolutionProperties) = preSolution
		HideSolutionNode = FALSE
	EndGlobalSection
	GlobalSection(NestedProjects) = preSolution
		{A9DCA9CC-D226-4B42-8061-239FD82D4438} = {F5E5BD53-54A2-46DD-B9AE-8C980B86B236}
		{3F971160-0B47-47FD-AD39-96131DD69F45} = {316DC8FE-219E-4626-B671-E96C9904BC1B}
		{316DC8FE-219E-4626-B671-E96C9904BC1B} = {9D553EEB-5267-419C-A7B4-7B6E4A6C2E25}
		{EAD860C6-87A2-4E9B-8AB8-1E26229F23C7} = {316DC8FE-219E-4626-B671-E96C9904BC1B}
		{D8663B99-90D7-4704-A941-6505E621789D} = {316DC8FE-219E-4626-B671-E96C9904BC1B}
		{F5E5BD53-54A2-46DD-B9AE-8C980B86B236} = {9D553EEB-5267-419C-A7B4-7B6E4A6C2E25}
		{380C8BED-F5AB-44F1-939F-4E209FCF2DCB} = {316DC8FE-219E-4626-B671-E96C9904BC1B}
		{75000E9A-C9F1-4C73-BDF1-7AFAB319EAB4} = {9D553EEB-5267-419C-A7B4-7B6E4A6C2E25}
		{A09F8FB2-B0F2-4C4A-9D32-FCDB80280072} = {75000E9A-C9F1-4C73-BDF1-7AFAB319EAB4}
		{21B782FE-9994-458D-BEC6-BA93F2F570D7} = {75000E9A-C9F1-4C73-BDF1-7AFAB319EAB4}
		{2A014FCE-CB7A-43F7-B434-F7F571E743CB} = {75000E9A-C9F1-4C73-BDF1-7AFAB319EAB4}
		{80A01713-03E5-409F-96C2-77F66E7D058D} = {9D553EEB-5267-419C-A7B4-7B6E4A6C2E25}
		{3C4F81DC-9902-4619-AEC3-4E0E97EEFD58} = {4D2E0BBA-9B0C-4331-AF82-A6411252BA76}
		{5B58D686-74B5-45E6-984C-F9957BCDD633} = {4D2E0BBA-9B0C-4331-AF82-A6411252BA76}
		{C4FE4BB7-A7B5-4586-BF94-EBCE0B5CA1B4} = {4D2E0BBA-9B0C-4331-AF82-A6411252BA76}
		{79E48273-4791-40BF-8A67-1BE2FE7DC434} = {4D2E0BBA-9B0C-4331-AF82-A6411252BA76}
		{DE280441-95A3-4661-8D28-1E853ECE4F93} = {4D2E0BBA-9B0C-4331-AF82-A6411252BA76}
		{57444DE7-8BD7-4D3B-89A7-A6599E9F20D3} = {75000E9A-C9F1-4C73-BDF1-7AFAB319EAB4}
		{1DD69AF0-DEBD-4E1E-812D-A0F3DAEEC9B9} = {75000E9A-C9F1-4C73-BDF1-7AFAB319EAB4}
	EndGlobalSection
	GlobalSection(ExtensibilityGlobals) = postSolution
		SolutionGuid = {EBEF28BF-66B1-41E0-9D25-58C6B6708EC0}
	EndGlobalSection
EndGlobal
