
Microsoft Visual Studio Solution File, Format Version 12.00
# Visual Studio Version 17
VisualStudioVersion = 17.4.33205.214
MinimumVisualStudioVersion = 10.0.40219.1
Project("{9A19103F-16F7-4668-BE54-9A1E7A4F7556}") = "ExtensionMethods", "1. Extensions\ExtensionMethods\ExtensionMethods.csproj", "{A9DCA9CC-D226-4B42-8061-239FD82D4438}"
EndProject
Project("{9A19103F-16F7-4668-BE54-9A1E7A4F7556}") = "Query", "2. LINQ_Examples\Query\Query.csproj", "{3F971160-0B47-47FD-AD39-96131DD69F45}"
EndProject
Project("{2150E333-8FDC-42A3-9474-1A3956D46DE8}") = "2. LINQ_Examples", "2. LINQ_Examples", "{316DC8FE-219E-4626-B671-E96C9904BC1B}"
EndProject
Project("{9A19103F-16F7-4668-BE54-9A1E7A4F7556}") = "Extensions", "2. LINQ_Examples\Extensions\Extensions.csproj", "{EAD860C6-87A2-4E9B-8AB8-1E26229F23C7}"
EndProject
Project("{9A19103F-16F7-4668-BE54-9A1E7A4F7556}") = "DeferredVSImmediate", "2. LINQ_Examples\DeferredVSImmediate\DeferredVSImmediate.csproj", "{D8663B99-90D7-4704-A941-6505E621789D}"
EndProject
Project("{2150E333-8FDC-42A3-9474-1A3956D46DE8}") = "1. Extensions", "1. Extensions", "{F5E5BD53-54A2-46DD-B9AE-8C980B86B236}"
EndProject
Project("{9A19103F-16F7-4668-BE54-9A1E7A4F7556}") = "CustomAverageExtension", "1. Extensions\CustomAverageExtension\CustomAverageExtension.csproj", "{380C8BED-F5AB-44F1-939F-4E209FCF2DCB}"
EndProject
Project("{2150E333-8FDC-42A3-9474-1A3956D46DE8}") = "3. DataStructures", "3. DataStructures", "{75000E9A-C9F1-4C73-BDF1-7AFAB319EAB4}"
EndProject
Project("{9A19103F-16F7-4668-BE54-9A1E7A4F7556}") = "StackExample", "3. DataStructures\StackExample\StackExample.csproj", "{A09F8FB2-B0F2-4C4A-9D32-FCDB80280072}"
EndProject
Project("{9A19103F-16F7-4668-BE54-9A1E7A4F7556}") = "QueueExample", "3. DataStructures\QueueExample\QueueExample.csproj", "{21B782FE-9994-458D-BEC6-BA93F2F570D7}"
EndProject
Project("{9A19103F-16F7-4668-BE54-9A1E7A4F7556}") = "DictionaryExample", "3. DataStructures\DictionaryExample\DictionaryExample.csproj", "{2A014FCE-CB7A-43F7-B434-F7F571E743CB}"
EndProject
Project("{FAE04EC0-301F-11D3-BF4B-00C04F79EFBC}") = "CustomLinkedList", "CustomLinkedList\CustomLinkedList.csproj", "{80A01713-03E5-409F-96C2-77F66E7D058D}"
EndProject
Global
	GlobalSection(SolutionConfigurationPlatforms) = preSolution
		Debug|Any CPU = Debug|Any CPU
		Release|Any CPU = Release|Any CPU
	EndGlobalSection
	GlobalSection(ProjectConfigurationPlatforms) = postSolution
		{A9DCA9CC-D226-4B42-8061-239FD82D4438}.Debug|Any CPU.ActiveCfg = Debug|Any CPU
		{A9DCA9CC-D226-4B42-8061-239FD82D4438}.Debug|Any CPU.Build.0 = Debug|Any CPU
		{A9DCA9CC-D226-4B42-8061-239FD82D4438}.Release|Any CPU.ActiveCfg = Release|Any CPU
		{A9DCA9CC-D226-4B42-8061-239FD82D4438}.Release|Any CPU.Build.0 = Release|Any CPU
		{3F971160-0B47-47FD-AD39-96131DD69F45}.Debug|Any CPU.ActiveCfg = Debug|Any CPU
		{3F971160-0B47-47FD-AD39-96131DD69F45}.Debug|Any CPU.Build.0 = Debug|Any CPU
		{3F971160-0B47-47FD-AD39-96131DD69F45}.Release|Any CPU.ActiveCfg = Release|Any CPU
		{3F971160-0B47-47FD-AD39-96131DD69F45}.Release|Any CPU.Build.0 = Release|Any CPU
		{EAD860C6-87A2-4E9B-8AB8-1E26229F23C7}.Debug|Any CPU.ActiveCfg = Debug|Any CPU
		{EAD860C6-87A2-4E9B-8AB8-1E26229F23C7}.Debug|Any CPU.Build.0 = Debug|Any CPU
		{EAD860C6-87A2-4E9B-8AB8-1E26229F23C7}.Release|Any CPU.ActiveCfg = Release|Any CPU
		{EAD860C6-87A2-4E9B-8AB8-1E26229F23C7}.Release|Any CPU.Build.0 = Release|Any CPU
		{D8663B99-90D7-4704-A941-6505E621789D}.Debug|Any CPU.ActiveCfg = Debug|Any CPU
		{D8663B99-90D7-4704-A941-6505E621789D}.Debug|Any CPU.Build.0 = Debug|Any CPU
		{D8663B99-90D7-4704-A941-6505E621789D}.Release|Any CPU.ActiveCfg = Release|Any CPU
		{D8663B99-90D7-4704-A941-6505E621789D}.Release|Any CPU.Build.0 = Release|Any CPU
		{380C8BED-F5AB-44F1-939F-4E209FCF2DCB}.Debug|Any CPU.ActiveCfg = Debug|Any CPU
		{380C8BED-F5AB-44F1-939F-4E209FCF2DCB}.Debug|Any CPU.Build.0 = Debug|Any CPU
		{380C8BED-F5AB-44F1-939F-4E209FCF2DCB}.Release|Any CPU.ActiveCfg = Release|Any CPU
		{380C8BED-F5AB-44F1-939F-4E209FCF2DCB}.Release|Any CPU.Build.0 = Release|Any CPU
		{A09F8FB2-B0F2-4C4A-9D32-FCDB80280072}.Debug|Any CPU.ActiveCfg = Debug|Any CPU
		{A09F8FB2-B0F2-4C4A-9D32-FCDB80280072}.Debug|Any CPU.Build.0 = Debug|Any CPU
		{A09F8FB2-B0F2-4C4A-9D32-FCDB80280072}.Release|Any CPU.ActiveCfg = Release|Any CPU
		{A09F8FB2-B0F2-4C4A-9D32-FCDB80280072}.Release|Any CPU.Build.0 = Release|Any CPU
		{21B782FE-9994-458D-BEC6-BA93F2F570D7}.Debug|Any CPU.ActiveCfg = Debug|Any CPU
		{21B782FE-9994-458D-BEC6-BA93F2F570D7}.Debug|Any CPU.Build.0 = Debug|Any CPU
		{21B782FE-9994-458D-BEC6-BA93F2F570D7}.Release|Any CPU.ActiveCfg = Release|Any CPU
		{21B782FE-9994-458D-BEC6-BA93F2F570D7}.Release|Any CPU.Build.0 = Release|Any CPU
		{2A014FCE-CB7A-43F7-B434-F7F571E743CB}.Debug|Any CPU.ActiveCfg = Debug|Any CPU
		{2A014FCE-CB7A-43F7-B434-F7F571E743CB}.Debug|Any CPU.Build.0 = Debug|Any CPU
		{2A014FCE-CB7A-43F7-B434-F7F571E743CB}.Release|Any CPU.ActiveCfg = Release|Any CPU
		{2A014FCE-CB7A-43F7-B434-F7F571E743CB}.Release|Any CPU.Build.0 = Release|Any CPU
		{80A01713-03E5-409F-96C2-77F66E7D058D}.Debug|Any CPU.ActiveCfg = Debug|Any CPU
		{80A01713-03E5-409F-96C2-77F66E7D058D}.Debug|Any CPU.Build.0 = Debug|Any CPU
		{80A01713-03E5-409F-96C2-77F66E7D058D}.Release|Any CPU.ActiveCfg = Release|Any CPU
		{80A01713-03E5-409F-96C2-77F66E7D058D}.Release|Any CPU.Build.0 = Release|Any CPU
	EndGlobalSection
	GlobalSection(SolutionProperties) = preSolution
		HideSolutionNode = FALSE
	EndGlobalSection
	GlobalSection(NestedProjects) = preSolution
		{A9DCA9CC-D226-4B42-8061-239FD82D4438} = {F5E5BD53-54A2-46DD-B9AE-8C980B86B236}
		{3F971160-0B47-47FD-AD39-96131DD69F45} = {316DC8FE-219E-4626-B671-E96C9904BC1B}
		{EAD860C6-87A2-4E9B-8AB8-1E26229F23C7} = {316DC8FE-219E-4626-B671-E96C9904BC1B}
		{D8663B99-90D7-4704-A941-6505E621789D} = {316DC8FE-219E-4626-B671-E96C9904BC1B}
		{380C8BED-F5AB-44F1-939F-4E209FCF2DCB} = {F5E5BD53-54A2-46DD-B9AE-8C980B86B236}
		{A09F8FB2-B0F2-4C4A-9D32-FCDB80280072} = {75000E9A-C9F1-4C73-BDF1-7AFAB319EAB4}
		{21B782FE-9994-458D-BEC6-BA93F2F570D7} = {75000E9A-C9F1-4C73-BDF1-7AFAB319EAB4}
		{2A014FCE-CB7A-43F7-B434-F7F571E743CB} = {75000E9A-C9F1-4C73-BDF1-7AFAB319EAB4}
	EndGlobalSection
	GlobalSection(ExtensibilityGlobals) = postSolution
		SolutionGuid = {EBEF28BF-66B1-41E0-9D25-58C6B6708EC0}
	EndGlobalSection
EndGlobal
